
Microsoft Visual Studio Solution File, Format Version 12.00
# Visual Studio Version 17
VisualStudioVersion = 17.5.002.0
MinimumVisualStudioVersion = 10.0.40219.1
Project("{9A19103F-16F7-4668-BE54-9A1E7A4F7556}") = "PersonApiFunction", "PersonApiFunction.csproj", "{207D9EC0-3F04-48AE-AF7D-155D058868ED}"
EndProject
Global
	GlobalSection(SolutionConfigurationPlatforms) = preSolution
		Debug|Any CPU = Debug|Any CPU
		Release|Any CPU = Release|Any CPU
	EndGlobalSection
	GlobalSection(ProjectConfigurationPlatforms) = postSolution
		{207D9EC0-3F04-48AE-AF7D-155D058868ED}.Debug|Any CPU.ActiveCfg = Debug|Any CPU
		{207D9EC0-3F04-48AE-AF7D-155D058868ED}.Debug|Any CPU.Build.0 = Debug|Any CPU
		{207D9EC0-3F04-48AE-AF7D-155D058868ED}.Release|Any CPU.ActiveCfg = Release|Any CPU
		{207D9EC0-3F04-48AE-AF7D-155D058868ED}.Release|Any CPU.Build.0 = Release|Any CPU
	EndGlobalSection
	GlobalSection(SolutionProperties) = preSolution
		HideSolutionNode = FALSE
	EndGlobalSection
	GlobalSection(ExtensibilityGlobals) = postSolution
		SolutionGuid = {1F14A6A1-984D-484C-84F4-F6DD12E5D4C5}
	EndGlobalSection
EndGlobal
